{
  "requires": true,
  "lockfileVersion": 1,
  "dependencies": {
    "dayjs": {
      "version": "1.8.27",
      "resolved": "https://registry.npmjs.org/dayjs/-/dayjs-1.8.27.tgz",
      "integrity": "sha512-Jpa2acjWIeOkg8KURUHICk0EqnEFSSF5eMEscsOgyJ92ZukXwmpmRkPSUka7KHSfbj5eKH30ieosYip+ky9emQ=="
    },
    "jweixin-module": {
      "version": "1.6.0",
      "resolved": "https://registry.npmjs.org/jweixin-module/-/jweixin-module-1.6.0.tgz",
      "integrity": "sha512-dGk9cf+ipipHmtzYmKZs5B2toX+p4hLyllGLF6xuC8t+B05oYxd8fYoaRz0T30U2n3RUv8a4iwvjhA+OcYz52w=="
    },
    "uview-ui": {
      "version": "1.2.2",
      "resolved": "https://registry.npmjs.org/uview-ui/-/uview-ui-1.2.2.tgz",
      "integrity": "sha512-uDITFpnbFlcZuk3x7BexX1WgEfOEW4iLsXxhqmKFnXZh8I4BRTsxbgYorIkGBbRbdLiwIXCJv+KgiNdjL91TTg=="
    }
  }
}
